
Microsoft Visual Studio Solution File, Format Version 12.00
# Visual Studio Version 16
VisualStudioVersion = 16.0.29424.173
MinimumVisualStudioVersion = 10.0.40219.1
Project("{FAE04EC0-301F-11D3-BF4B-00C04F79EFBC}") = "EFIntro", "EFIntro.csproj", "{4A86F065-813C-48EA-AFBE-D41FD6C4E480}"
EndProject
Global
	GlobalSection(SolutionConfigurationPlatforms) = preSolution
		Debug|Any CPU = Debug|Any CPU
		Release|Any CPU = Release|Any CPU
	EndGlobalSection
	GlobalSection(ProjectConfigurationPlatforms) = postSolution
		{4A86F065-813C-48EA-AFBE-D41FD6C4E480}.Debug|Any CPU.ActiveCfg = Debug|Any CPU
		{4A86F065-813C-48EA-AFBE-D41FD6C4E480}.Debug|Any CPU.Build.0 = Debug|Any CPU
		{4A86F065-813C-48EA-AFBE-D41FD6C4E480}.Release|Any CPU.ActiveCfg = Release|Any CPU
		{4A86F065-813C-48EA-AFBE-D41FD6C4E480}.Release|Any CPU.Build.0 = Release|Any CPU
	EndGlobalSection
	GlobalSection(SolutionProperties) = preSolution
		HideSolutionNode = FALSE
	EndGlobalSection
	GlobalSection(ExtensibilityGlobals) = postSolution
		SolutionGuid = {66F55D1E-D9AD-48A7-9A26-A0AD4DD6C12E}
	EndGlobalSection
EndGlobal
